uuid: b6886b86-8efb-4da6-8d84-87f945cdbde7
langcode: en
status: true
dependencies:
  config:
    - field.storage.paragraph.field_text_block
    - paragraphs.paragraphs_type.text
    - paragraphs.paragraphs_type.text_block
  module:
    - entity_reference_revisions
id: paragraph.text.field_text_block
field_name: field_text_block
entity_type: paragraph
bundle: text
label: 'Text Block'
description: ''
required: false
translatable: false
default_value: {  }
default_value_callback: ''
settings:
  handler: 'default:paragraph'
  handler_settings:
    target_bundles:
      text_block: text_block
    negate: 0
    target_bundles_drag_drop:
      banner_cta:
        weight: 9
        enabled: false
      image_carousel:
        weight: 10
        enabled: false
      image_carousel_item:
        weight: 11
        enabled: false
      landing_hero:
        weight: 12
        enabled: false
      layout:
        weight: 13
        enabled: false
      statistic:
        weight: 14
        enabled: false
      text:
        weight: 15
        enabled: false
      text_block:
        weight: 16
        enabled: true
field_type: entity_reference_revisions
