uuid: 0c292534-58ae-4f4c-8d07-146381671c12
langcode: en
status: true
dependencies:
  module:
    - layout_paragraphs
id: text_block
label: 'Text Block'
icon_uuid: null
icon_default: null
description: "This robust molecule can be used in copy components throughout the site. Each block can fit within a full, 1/2, or 1/3 space, and include optional\r\nImage and/or Button/Link."
behavior_plugins:
  layout_paragraphs:
    enabled: false
    available_layouts: {  }
