label: 'Label Lorem'
large_title_element:
  - 'h2'
large_title: 'Lorem ipsum dolor sit'
small_title: 'Lorem ipsum dolor sit amet, consectetur adipiscing elit.'
body: '<p>Lorem ipsum dolor sit amet, consectetur adipiscing elit, sed do eiusmod tempor incididunt ut labore et dolore magna aliqua. Ut enim ad minim veniam, quis nostrud exercitation ullamco laboris nisi ut aliquip ex ea commodo consequat.</p>'
button_url: '#'
button_content: 'Learn More'
button_modifiers:
  - 'primary'
